{
  "name": "hyper-postprocessing",
  "version": "1.0.0",
  "lockfileVersion": 1,
  "requires": true,
  "dependencies": {
    "glsl-blend": {
      "version": "1.0.3",
      "resolved": "https://registry.npmjs.org/glsl-blend/-/glsl-blend-1.0.3.tgz",
      "integrity": "sha1-D2NmBPDp58q2R4iMWM58eeZ+73w=",
      "dev": true
    },
    "postprocessing": {
      "version": "5.0.0",
      "resolved": "https://registry.npmjs.org/postprocessing/-/postprocessing-5.0.0.tgz",
      "integrity": "sha512-XpWAIB2wKm2qgN1UfyOGwyYM6DjSfXp91HgQe1T3asQs6wpldEy2Dekj4zfiDE2AMw/98IA30nGYnL9dv6kFRg=="
    },
    "three": {
      "version": "0.92.0",
      "resolved": "https://registry.npmjs.org/three/-/three-0.92.0.tgz",
      "integrity": "sha1-jT0fWviQ5i2n9MtF0gwJ+lEFfc0="
    }
  }
}
